
Microsoft Visual Studio Solution File, Format Version 12.00
# Visual Studio Version 16
VisualStudioVersion = 16.0.31729.503
MinimumVisualStudioVersion = 10.0.40219.1
Project("{FAE04EC0-301F-11D3-BF4B-00C04F79EFBC}") = "mate_mid_4", "mate_mid_4\mate_mid_4.csproj", "{B085843C-CC11-4E9F-B90E-5CFF32C00C9B}"
EndProject
Global
	GlobalSection(SolutionConfigurationPlatforms) = preSolution
		Debug|Any CPU = Debug|Any CPU
		Release|Any CPU = Release|Any CPU
	EndGlobalSection
	GlobalSection(ProjectConfigurationPlatforms) = postSolution
		{B085843C-CC11-4E9F-B90E-5CFF32C00C9B}.Debug|Any CPU.ActiveCfg = Debug|Any CPU
		{B085843C-CC11-4E9F-B90E-5CFF32C00C9B}.Debug|Any CPU.Build.0 = Debug|Any CPU
		{B085843C-CC11-4E9F-B90E-5CFF32C00C9B}.Release|Any CPU.ActiveCfg = Release|Any CPU
		{B085843C-CC11-4E9F-B90E-5CFF32C00C9B}.Release|Any CPU.Build.0 = Release|Any CPU
	EndGlobalSection
	GlobalSection(SolutionProperties) = preSolution
		HideSolutionNode = FALSE
	EndGlobalSection
	GlobalSection(ExtensibilityGlobals) = postSolution
		SolutionGuid = {AB90DE1C-24BE-4B09-95F5-FCAB739B5844}
	EndGlobalSection
EndGlobal
