
Microsoft Visual Studio Solution File, Format Version 12.00
# Visual Studio Version 16
VisualStudioVersion = 16.0.31729.503
MinimumVisualStudioVersion = 10.0.40219.1
Project("{FAE04EC0-301F-11D3-BF4B-00C04F79EFBC}") = "HW6_3", "HW6_3\HW6_3.csproj", "{2FBAE00B-7506-4261-AA3E-723DBA50D45B}"
EndProject
Global
	GlobalSection(SolutionConfigurationPlatforms) = preSolution
		Debug|Any CPU = Debug|Any CPU
		Release|Any CPU = Release|Any CPU
	EndGlobalSection
	GlobalSection(ProjectConfigurationPlatforms) = postSolution
		{2FBAE00B-7506-4261-AA3E-723DBA50D45B}.Debug|Any CPU.ActiveCfg = Debug|Any CPU
		{2FBAE00B-7506-4261-AA3E-723DBA50D45B}.Debug|Any CPU.Build.0 = Debug|Any CPU
		{2FBAE00B-7506-4261-AA3E-723DBA50D45B}.Release|Any CPU.ActiveCfg = Release|Any CPU
		{2FBAE00B-7506-4261-AA3E-723DBA50D45B}.Release|Any CPU.Build.0 = Release|Any CPU
	EndGlobalSection
	GlobalSection(SolutionProperties) = preSolution
		HideSolutionNode = FALSE
	EndGlobalSection
	GlobalSection(ExtensibilityGlobals) = postSolution
		SolutionGuid = {AEF24C2F-9170-4327-8AF8-6C135583C174}
	EndGlobalSection
EndGlobal
