
Microsoft Visual Studio Solution File, Format Version 12.00
# Visual Studio Version 16
VisualStudioVersion = 16.0.31729.503
MinimumVisualStudioVersion = 10.0.40219.1
Project("{FAE04EC0-301F-11D3-BF4B-00C04F79EFBC}") = "HW05_4", "HW05_4\HW05_4.csproj", "{4EBABDF7-1A95-4590-9355-7131B9925D3A}"
EndProject
Global
	GlobalSection(SolutionConfigurationPlatforms) = preSolution
		Debug|Any CPU = Debug|Any CPU
		Release|Any CPU = Release|Any CPU
	EndGlobalSection
	GlobalSection(ProjectConfigurationPlatforms) = postSolution
		{4EBABDF7-1A95-4590-9355-7131B9925D3A}.Debug|Any CPU.ActiveCfg = Debug|Any CPU
		{4EBABDF7-1A95-4590-9355-7131B9925D3A}.Debug|Any CPU.Build.0 = Debug|Any CPU
		{4EBABDF7-1A95-4590-9355-7131B9925D3A}.Release|Any CPU.ActiveCfg = Release|Any CPU
		{4EBABDF7-1A95-4590-9355-7131B9925D3A}.Release|Any CPU.Build.0 = Release|Any CPU
	EndGlobalSection
	GlobalSection(SolutionProperties) = preSolution
		HideSolutionNode = FALSE
	EndGlobalSection
	GlobalSection(ExtensibilityGlobals) = postSolution
		SolutionGuid = {824199C5-9403-4023-923B-9A82D410A67B}
	EndGlobalSection
EndGlobal
