
Microsoft Visual Studio Solution File, Format Version 12.00
# Visual Studio Version 16
VisualStudioVersion = 16.0.31729.503
MinimumVisualStudioVersion = 10.0.40219.1
Project("{FAE04EC0-301F-11D3-BF4B-00C04F79EFBC}") = "HW05_2", "HW05_2\HW05_2.csproj", "{B7B2A13B-5A8D-408E-8841-EE0A5BAAE8C9}"
EndProject
Global
	GlobalSection(SolutionConfigurationPlatforms) = preSolution
		Debug|Any CPU = Debug|Any CPU
		Release|Any CPU = Release|Any CPU
	EndGlobalSection
	GlobalSection(ProjectConfigurationPlatforms) = postSolution
		{B7B2A13B-5A8D-408E-8841-EE0A5BAAE8C9}.Debug|Any CPU.ActiveCfg = Debug|Any CPU
		{B7B2A13B-5A8D-408E-8841-EE0A5BAAE8C9}.Debug|Any CPU.Build.0 = Debug|Any CPU
		{B7B2A13B-5A8D-408E-8841-EE0A5BAAE8C9}.Release|Any CPU.ActiveCfg = Release|Any CPU
		{B7B2A13B-5A8D-408E-8841-EE0A5BAAE8C9}.Release|Any CPU.Build.0 = Release|Any CPU
	EndGlobalSection
	GlobalSection(SolutionProperties) = preSolution
		HideSolutionNode = FALSE
	EndGlobalSection
	GlobalSection(ExtensibilityGlobals) = postSolution
		SolutionGuid = {F3033C54-15C4-46A4-AC25-071118C7525D}
	EndGlobalSection
EndGlobal
