
Microsoft Visual Studio Solution File, Format Version 12.00
# Visual Studio Version 16
VisualStudioVersion = 16.0.31005.135
MinimumVisualStudioVersion = 10.0.40219.1
Project("{FAE04EC0-301F-11D3-BF4B-00C04F79EFBC}") = "Day04HW7", "Day04HW7\Day04HW7.csproj", "{7544B86B-74DB-47E4-9347-036BA5A4C4DB}"
EndProject
Global
	GlobalSection(SolutionConfigurationPlatforms) = preSolution
		Debug|Any CPU = Debug|Any CPU
		Release|Any CPU = Release|Any CPU
	EndGlobalSection
	GlobalSection(ProjectConfigurationPlatforms) = postSolution
		{7544B86B-74DB-47E4-9347-036BA5A4C4DB}.Debug|Any CPU.ActiveCfg = Debug|Any CPU
		{7544B86B-74DB-47E4-9347-036BA5A4C4DB}.Debug|Any CPU.Build.0 = Debug|Any CPU
		{7544B86B-74DB-47E4-9347-036BA5A4C4DB}.Release|Any CPU.ActiveCfg = Release|Any CPU
		{7544B86B-74DB-47E4-9347-036BA5A4C4DB}.Release|Any CPU.Build.0 = Release|Any CPU
	EndGlobalSection
	GlobalSection(SolutionProperties) = preSolution
		HideSolutionNode = FALSE
	EndGlobalSection
	GlobalSection(ExtensibilityGlobals) = postSolution
		SolutionGuid = {DBD501BF-605D-4876-AEB8-5E5A89FCAFCB}
	EndGlobalSection
EndGlobal
