
Microsoft Visual Studio Solution File, Format Version 12.00
# Visual Studio Version 16
VisualStudioVersion = 16.0.31005.135
MinimumVisualStudioVersion = 10.0.40219.1
Project("{FAE04EC0-301F-11D3-BF4B-00C04F79EFBC}") = "HW2", "HW2\HW2.csproj", "{AE9CF233-0E39-4736-82AF-B6198B6778B4}"
EndProject
Global
	GlobalSection(SolutionConfigurationPlatforms) = preSolution
		Debug|Any CPU = Debug|Any CPU
		Release|Any CPU = Release|Any CPU
	EndGlobalSection
	GlobalSection(ProjectConfigurationPlatforms) = postSolution
		{AE9CF233-0E39-4736-82AF-B6198B6778B4}.Debug|Any CPU.ActiveCfg = Debug|Any CPU
		{AE9CF233-0E39-4736-82AF-B6198B6778B4}.Debug|Any CPU.Build.0 = Debug|Any CPU
		{AE9CF233-0E39-4736-82AF-B6198B6778B4}.Release|Any CPU.ActiveCfg = Release|Any CPU
		{AE9CF233-0E39-4736-82AF-B6198B6778B4}.Release|Any CPU.Build.0 = Release|Any CPU
	EndGlobalSection
	GlobalSection(SolutionProperties) = preSolution
		HideSolutionNode = FALSE
	EndGlobalSection
	GlobalSection(ExtensibilityGlobals) = postSolution
		SolutionGuid = {A5204534-6BF4-43C9-A9A8-42A33EBCA49A}
	EndGlobalSection
EndGlobal
