
Microsoft Visual Studio Solution File, Format Version 12.00
# Visual Studio Version 16
VisualStudioVersion = 16.0.31005.135
MinimumVisualStudioVersion = 10.0.40219.1
Project("{FAE04EC0-301F-11D3-BF4B-00C04F79EFBC}") = "Day04H6", "Day04H6\Day04H6.csproj", "{CFA66B5E-1303-4FDD-ADD6-7035623C52ED}"
EndProject
Global
	GlobalSection(SolutionConfigurationPlatforms) = preSolution
		Debug|Any CPU = Debug|Any CPU
		Release|Any CPU = Release|Any CPU
	EndGlobalSection
	GlobalSection(ProjectConfigurationPlatforms) = postSolution
		{CFA66B5E-1303-4FDD-ADD6-7035623C52ED}.Debug|Any CPU.ActiveCfg = Debug|Any CPU
		{CFA66B5E-1303-4FDD-ADD6-7035623C52ED}.Debug|Any CPU.Build.0 = Debug|Any CPU
		{CFA66B5E-1303-4FDD-ADD6-7035623C52ED}.Release|Any CPU.ActiveCfg = Release|Any CPU
		{CFA66B5E-1303-4FDD-ADD6-7035623C52ED}.Release|Any CPU.Build.0 = Release|Any CPU
	EndGlobalSection
	GlobalSection(SolutionProperties) = preSolution
		HideSolutionNode = FALSE
	EndGlobalSection
	GlobalSection(ExtensibilityGlobals) = postSolution
		SolutionGuid = {60A25109-4E00-4C0A-A185-48A442AC20AC}
	EndGlobalSection
EndGlobal
