
Microsoft Visual Studio Solution File, Format Version 12.00
# Visual Studio Version 16
VisualStudioVersion = 16.0.31729.503
MinimumVisualStudioVersion = 10.0.40219.1
Project("{FAE04EC0-301F-11D3-BF4B-00C04F79EFBC}") = "mmid", "mmid\mmid.csproj", "{95D9DFE2-D40A-4E67-A2DC-CC660AD89F2D}"
EndProject
Global
	GlobalSection(SolutionConfigurationPlatforms) = preSolution
		Debug|Any CPU = Debug|Any CPU
		Release|Any CPU = Release|Any CPU
	EndGlobalSection
	GlobalSection(ProjectConfigurationPlatforms) = postSolution
		{95D9DFE2-D40A-4E67-A2DC-CC660AD89F2D}.Debug|Any CPU.ActiveCfg = Debug|Any CPU
		{95D9DFE2-D40A-4E67-A2DC-CC660AD89F2D}.Debug|Any CPU.Build.0 = Debug|Any CPU
		{95D9DFE2-D40A-4E67-A2DC-CC660AD89F2D}.Release|Any CPU.ActiveCfg = Release|Any CPU
		{95D9DFE2-D40A-4E67-A2DC-CC660AD89F2D}.Release|Any CPU.Build.0 = Release|Any CPU
	EndGlobalSection
	GlobalSection(SolutionProperties) = preSolution
		HideSolutionNode = FALSE
	EndGlobalSection
	GlobalSection(ExtensibilityGlobals) = postSolution
		SolutionGuid = {3D4871E3-23BB-4AA5-B3E4-C1A64E124950}
	EndGlobalSection
EndGlobal
