
Microsoft Visual Studio Solution File, Format Version 12.00
# Visual Studio Version 16
VisualStudioVersion = 16.0.31729.503
MinimumVisualStudioVersion = 10.0.40219.1
Project("{FAE04EC0-301F-11D3-BF4B-00C04F79EFBC}") = "HW05_1", "HW05_1\HW05_1.csproj", "{B13ED490-A177-4B4C-9159-ECE7F38CFD67}"
EndProject
Global
	GlobalSection(SolutionConfigurationPlatforms) = preSolution
		Debug|Any CPU = Debug|Any CPU
		Release|Any CPU = Release|Any CPU
	EndGlobalSection
	GlobalSection(ProjectConfigurationPlatforms) = postSolution
		{B13ED490-A177-4B4C-9159-ECE7F38CFD67}.Debug|Any CPU.ActiveCfg = Debug|Any CPU
		{B13ED490-A177-4B4C-9159-ECE7F38CFD67}.Debug|Any CPU.Build.0 = Debug|Any CPU
		{B13ED490-A177-4B4C-9159-ECE7F38CFD67}.Release|Any CPU.ActiveCfg = Release|Any CPU
		{B13ED490-A177-4B4C-9159-ECE7F38CFD67}.Release|Any CPU.Build.0 = Release|Any CPU
	EndGlobalSection
	GlobalSection(SolutionProperties) = preSolution
		HideSolutionNode = FALSE
	EndGlobalSection
	GlobalSection(ExtensibilityGlobals) = postSolution
		SolutionGuid = {B9B5B5AC-82A9-4DF5-A678-6A74EF5039A7}
	EndGlobalSection
EndGlobal
